
Microsoft Visual Studio Solution File, Format Version 12.00
# Visual Studio Version 17
VisualStudioVersion = 17.11.35327.3
MinimumVisualStudioVersion = 10.0.40219.1
Project("{FAE04EC0-301F-11D3-BF4B-00C04F79EFBC}") = "BasicForLoop", "BasicForLoop\BasicForLoop.csproj", "{832D0C0F-AA0A-456C-B7DE-46B3B67D3EE7}"
EndProject
Global
	GlobalSection(SolutionConfigurationPlatforms) = preSolution
		Debug|Any CPU = Debug|Any CPU
		Release|Any CPU = Release|Any CPU
	EndGlobalSection
	GlobalSection(ProjectConfigurationPlatforms) = postSolution
		{832D0C0F-AA0A-456C-B7DE-46B3B67D3EE7}.Debug|Any CPU.ActiveCfg = Debug|Any CPU
		{832D0C0F-AA0A-456C-B7DE-46B3B67D3EE7}.Debug|Any CPU.Build.0 = Debug|Any CPU
		{832D0C0F-AA0A-456C-B7DE-46B3B67D3EE7}.Release|Any CPU.ActiveCfg = Release|Any CPU
		{832D0C0F-AA0A-456C-B7DE-46B3B67D3EE7}.Release|Any CPU.Build.0 = Release|Any CPU
	EndGlobalSection
	GlobalSection(SolutionProperties) = preSolution
		HideSolutionNode = FALSE
	EndGlobalSection
	GlobalSection(ExtensibilityGlobals) = postSolution
		SolutionGuid = {D1052D47-9028-4060-B531-C2B61F7BFEAD}
	EndGlobalSection
EndGlobal
